// !$*UTF8*$!
{
	archiveVersion = 1;
	classes = {
	};
	objectVersion = 46;
	objects = {

/* Begin PBXBuildFile section */
		6FEC5BBD1BE92327004D2462 /* AppDelegate.swift in Sources */ = {isa = PBXBuildFile; fileRef = 6FEC5BBC1BE92327004D2462 /* AppDelegate.swift */; };
		6FEC5BBF1BE92327004D2462 /* ViewController.swift in Sources */ = {isa = PBXBuildFile; fileRef = 6FEC5BBE1BE92327004D2462 /* ViewController.swift */; };
		6FEC5BC21BE92327004D2462 /* Main.storyboard in Resources */ = {isa = PBXBuildFile; fileRef = 6FEC5BC01BE92327004D2462 /* Main.storyboard */; };
		6FEC5BC41BE92327004D2462 /* Assets.xcassets in Resources */ = {isa = PBXBuildFile; fileRef = 6FEC5BC31BE92327004D2462 /* Assets.xcassets */; };
		6FEC5BC71BE92327004D2462 /* LaunchScreen.storyboard in Resources */ = {isa = PBXBuildFile; fileRef = 6FEC5BC51BE92327004D2462 /* LaunchScreen.storyboard */; };
/* End PBXBuildFile section */

/* Begin PBXFileReference section */
		6FEC5BB91BE92327004D2462 /* StopwatchGame.app */ = {isa = PBXFileReference; explicitFileType = wrapper.application; includeInIndex = 0; path = StopwatchGame.app; sourceTree = BUILT_PRODUCTS_DIR; };
		6FEC5BBC1BE92327004D2462 /* AppDelegate.swift */ = {isa = PBXFileReference; lastKnownFileType = sourcecode.swift; path = AppDelegate.swift; sourceTree = "<group>"; };
		6FEC5BBE1BE92327004D2462 /* ViewController.swift */ = {isa = PBXFileReference; lastKnownFileType = sourcecode.swift; path = ViewController.swift; sourceTree = "<group>"; };
		6FEC5BC11BE92327004D2462 /* Base */ = {isa = PBXFileReference; lastKnownFileType = file.storyboard; name = Base; path = Base.lproj/Main.storyboard; sourceTree = "<group>"; };
		6FEC5BC31BE92327004D2462 /* Assets.xcassets */ = {isa = PBXFileReference; lastKnownFileType = folder.assetcatalog; path = Assets.xcassets; sourceTree = "<group>"; };
		6FEC5BC61BE92327004D2462 /* Base */ = {isa = PBXFileReference; lastKnownFileType = file.storyboard; name = Base; path = Base.lproj/LaunchScreen.storyboard; sourceTree = "<group>"; };
		6FEC5BC81BE92327004D2462 /* Info.plist */ = {isa = PBXFileReference; lastKnownFileType = text.plist.xml; path = Info.plist; sourceTree = "<group>"; };
/* End PBXFileReference section */

/* Begin PBXFrameworksBuildPhase section */
		6FEC5BB61BE92327004D2462 /* Frameworks */ = {
			isa = PBXFrameworksBuildPhase;
			buildActionMask = 2147483647;
			files = (
			);
			runOnlyForDeploymentPostprocessing = 0;
		};
/* End PBXFrameworksBuildPhase section */

/* Begin PBXGroup section */
		6FEC5BB01BE92327004D2462 = {
			isa = PBXGroup;
			children = (
				6FEC5BBB1BE92327004D2462 /* StopwatchGame */,
				6FEC5BBA1BE92327004D2462 /* Products */,
			);
			sourceTree = "<group>";
		};
		6FEC5BBA1BE92327004D2462 /* Products */ = {
			isa = PBXGroup;
			children = (
				6FEC5BB91BE92327004D2462 /* StopwatchGame.app */,
			);
			name = Products;
			sourceTree = "<group>";
		};
		6FEC5BBB1BE92327004D2462 /* StopwatchGame */ = {
			isa = PBXGroup;
			children = (
				6FEC5BBC1BE92327004D2462 /* AppDelegate.swift */,
				6FEC5BBE1BE92327004D2462 /* ViewController.swift */,
				6FEC5BC01BE92327004D2462 /* Main.storyboard */,
				6FEC5BC31BE92327004D2462 /* Assets.xcassets */,
				6FEC5BC51BE92327004D2462 /* LaunchScreen.storyboard */,
				6FEC5BC81BE92327004D2462 /* Info.plist */,
			);
			path = StopwatchGame;
			sourceTree = "<group>";
		};
/* End PBXGroup section */

/* Begin PBXNativeTarget section */
		6FEC5BB81BE92327004D2462 /* StopwatchGame */ = {
			isa = PBXNativeTarget;
			buildConfigurationList = 6FEC5BCB1BE92327004D2462 /* Build configuration list for PBXNativeTarget "StopwatchGame" */;
			buildPhases = (
				6FEC5BB51BE92327004D2462 /* Sources */,
				6FEC5BB61BE92327004D2462 /* Frameworks */,
				6FEC5BB71BE92327004D2462 /* Resources */,
			);
			buildRules = (
			);
			dependencies = (
			);
			name = StopwatchGame;
			productName = StopwatchGame;
			productReference = 6FEC5BB91BE92327004D2462 /* StopwatchGame.app */;
			productType = "com.apple.product-type.application";
		};
/* End PBXNativeTarget section */

/* Begin PBXProject section */
		6FEC5BB11BE92327004D2462 /* Project object */ = {
			isa = PBXProject;
			attributes = {
				LastUpgradeCheck = 0700;
				ORGANIZATIONNAME = "___sks6___";
				TargetAttributes = {
					6FEC5BB81BE92327004D2462 = {
						CreatedOnToolsVersion = 7.0.1;
					};
				};
			};
			buildConfigurationList = 6FEC5BB41BE92327004D2462 /* Build configuration list for PBXProject "StopwatchGame" */;
			compatibilityVersion = "Xcode 3.2";
			developmentRegion = English;
			hasScannedForEncodings = 0;
			knownRegions = (
				en,
				Base,
			);
			mainGroup = 6FEC5BB01BE92327004D2462;
			productRefGroup = 6FEC5BBA1BE92327004D2462 /* Products */;
			projectDirPath = "";
			projectRoot = "";
			targets = (
				6FEC5BB81BE92327004D2462 /* StopwatchGame */,
			);
		};
/* End PBXProject section */

/* Begin PBXResourcesBuildPhase section */
		6FEC5BB71BE92327004D2462 /* Resources */ = {
			isa = PBXResourcesBuildPhase;
			buildActionMask = 2147483647;
			files = (
				6FEC5BC71BE92327004D2462 /* LaunchScreen.storyboard in Resources */,
				6FEC5BC41BE92327004D2462 /* Assets.xcassets in Resources */,
				6FEC5BC21BE92327004D2462 /* Main.storyboard in Resources */,
			);
			runOnlyForDeploymentPostprocessing = 0;
		};
/* End PBXResourcesBuildPhase section */

/* Begin PBXSourcesBuildPhase section */
		6FEC5BB51BE92327004D2462 /* Sources */ = {
			isa = PBXSourcesBuildPhase;
			buildActionMask = 2147483647;
			files = (
				6FEC5BBF1BE92327004D2462 /* ViewController.swift in Sources */,
				6FEC5BBD1BE92327004D2462 /* AppDelegate.swift in Sources */,
			);
			runOnlyForDeploymentPostprocessing = 0;
		};
/* End PBXSourcesBuildPhase section */

/* Begin PBXVariantGroup section */
		6FEC5BC01BE92327004D2462 /* Main.storyboard */ = {
			isa = PBXVariantGroup;
			children = (
				6FEC5BC11BE92327004D2462 /* Base */,
			);
			name = Main.storyboard;
			sourceTree = "<group>";
		};
		6FEC5BC51BE92327004D2462 /* LaunchScreen.storyboard */ = {
			isa = PBXVariantGroup;
			children = (
				6FEC5BC61BE92327004D2462 /* Base */,
			);
			name = LaunchScreen.storyboard;
			sourceTree = "<group>";
		};
/* End PBXVariantGroup section */

/* Begin XCBuildConfiguration section */
		6FEC5BC91BE92327004D2462 /* Debug */ = {
			isa = XCBuildConfiguration;
			buildSettings = {
				ALWAYS_SEARCH_USER_PATHS = NO;
				CLANG_CXX_LANGUAGE_STANDARD = "gnu++0x";
				CLANG_CXX_LIBRARY = "libc++";
				CLANG_ENABLE_MODULES = YES;
				CLANG_ENABLE_OBJC_ARC = YES;
				CLANG_WARN_BOOL_CONVERSION = YES;
				CLANG_WARN_CONSTANT_CONVERSION = YES;
				CLANG_WARN_DIRECT_OBJC_ISA_USAGE = YES_ERROR;
				CLANG_WARN_EMPTY_BODY = YES;
				CLANG_WARN_ENUM_CONVERSION = YES;
				CLANG_WARN_INT_CONVERSION = YES;
				CLANG_WARN_OBJC_ROOT_CLASS = YES_ERROR;
				CLANG_WARN_UNREACHABLE_CODE = YES;
				CLANG_WARN__DUPLICATE_METHOD_MATCH = YES;
				"CODE_SIGN_IDENTITY[sdk=iphoneos*]" = "iPhone Developer";
				COPY_PHASE_STRIP = NO;
				DEBUG_INFORMATION_FORMAT = dwarf;
				ENABLE_STRICT_OBJC_MSGSEND = YES;
				ENABLE_TESTABILITY = YES;
				GCC_C_LANGUAGE_STANDARD = gnu99;
				GCC_DYNAMIC_NO_PIC = NO;
				GCC_NO_COMMON_BLOCKS = YES;
				GCC_OPTIMIZATION_LEVEL = 0;
				GCC_PREPROCESSOR_DEFINITIONS = (
					"DEBUG=1",
					"$(inherited)",
				);
				GCC_WARN_64_TO_32_BIT_CONVERSION = YES;
				GCC_WARN_ABOUT_RETURN_TYPE = YES_ERROR;
				GCC_WARN_UNDECLARED_SELECTOR = YES;
				GCC_WARN_UNINITIALIZED_AUTOS = YES_AGGRESSIVE;
				GCC_WARN_UNUSED_FUNCTION = YES;
				GCC_WARN_UNUSED_VARIABLE = YES;
				IPHONEOS_DEPLOYMENT_TARGET = 9.0;
				MTL_ENABLE_DEBUG_INFO = YES;
				ONLY_ACTIVE_ARCH = YES;
				SDKROOT = iphoneos;
				SWIFT_OPTIMIZATION_LEVEL = "-Onone";
				TARGETED_DEVICE_FAMILY = "1,2";
			};
			name = Debug;
		};
		6FEC5BCA1BE92327004D2462 /* Release */ = {
			isa = XCBuildConfiguration;
			buildSettings = {
				ALWAYS_SEARCH_USER_PATHS = NO;
				CLANG_CXX_LANGUAGE_STANDARD = "gnu++0x";
				CLANG_CXX_LIBRARY = "libc++";
				CLANG_ENABLE_MODULES = YES;
				CLANG_ENABLE_OBJC_ARC = YES;
				CLANG_WARN_BOOL_CONVERSION = YES;
				CLANG_WARN_CONSTANT_CONVERSION = YES;
				CLANG_WARN_DIRECT_OBJC_ISA_USAGE = YES_ERROR;
				CLANG_WARN_EMPTY_BODY = YES;
				CLANG_WARN_ENUM_CONVERSION = YES;
				CLANG_WARN_INT_CONVERSION = YES;
				CLANG_WARN_OBJC_ROOT_CLASS = YES_ERROR;
				CLANG_WARN_UNREACHABLE_CODE = YES;
				CLANG_WARN__DUPLICATE_METHOD_MATCH = YES;
				"CODE_SIGN_IDENTITY[sdk=iphoneos*]" = "iPhone Developer";
				COPY_PHASE_STRIP = NO;
				DEBUG_INFORMATION_FORMAT = "dwarf-with-dsym";
				ENABLE_NS_ASSERTIONS = NO;
				ENABLE_STRICT_OBJC_MSGSEND = YES;
				GCC_C_LANGUAGE_STANDARD = gnu99;
				GCC_NO_COMMON_BLOCKS = YES;
				GCC_WARN_64_TO_32_BIT_CONVERSION = YES;
				GCC_WARN_ABOUT_RETURN_TYPE = YES_ERROR;
				GCC_WARN_UNDECLARED_SELECTOR = YES;
				GCC_WARN_UNINITIALIZED_AUTOS = YES_AGGRESSIVE;
				GCC_WARN_UNUSED_FUNCTION = YES;
				GCC_WARN_UNUSED_VARIABLE = YES;
				IPHONEOS_DEPLOYMENT_TARGET = 9.0;
				MTL_ENABLE_DEBUG_INFO = NO;
				SDKROOT = iphoneos;
				TARGETED_DEVICE_FAMILY = "1,2";
				VALIDATE_PRODUCT = YES;
			};
			name = Release;
		};
		6FEC5BCC1BE92327004D2462 /* Debug */ = {
			isa = XCBuildConfiguration;
			buildSettings = {
				ASSETCATALOG_COMPILER_APPICON_NAME = AppIcon;
				INFOPLIST_FILE = StopwatchGame/Info.plist;
				LD_RUNPATH_SEARCH_PATHS = "$(inherited) @executable_path/Frameworks";
				PRODUCT_BUNDLE_IDENTIFIER = edu.duke.scottyshaw.StopwatchGame;
				PRODUCT_NAME = "$(TARGET_NAME)";
			};
			name = Debug;
		};
		6FEC5BCD1BE92327004D2462 /* Release */ = {
			isa = XCBuildConfiguration;
			buildSettings = {
				ASSETCATALOG_COMPILER_APPICON_NAME = AppIcon;
				INFOPLIST_FILE = StopwatchGame/Info.plist;
				LD_RUNPATH_SEARCH_PATHS = "$(inherited) @executable_path/Frameworks";
				PRODUCT_BUNDLE_IDENTIFIER = edu.duke.scottyshaw.StopwatchGame;
				PRODUCT_NAME = "$(TARGET_NAME)";
			};
			name = Release;
		};
/* End XCBuildConfiguration section */

/* Begin XCConfigurationList section */
		6FEC5BB41BE92327004D2462 /* Build configuration list for PBXProject "StopwatchGame" */ = {
			isa = XCConfigurationList;
			buildConfigurations = (
				6FEC5BC91BE92327004D2462 /* Debug */,
				6FEC5BCA1BE92327004D2462 /* Release */,
			);
			defaultConfigurationIsVisible = 0;
			defaultConfigurationName = Release;
		};
		6FEC5BCB1BE92327004D2462 /* Build configuration list for PBXNativeTarget "StopwatchGame" */ = {
			isa = XCConfigurationList;
			buildConfigurations = (
				6FEC5BCC1BE92327004D2462 /* Debug */,
				6FEC5BCD1BE92327004D2462 /* Release */,
			);
			defaultConfigurationIsVisible = 0;
		};
/* End XCConfigurationList section */
	};
	rootObject = 6FEC5BB11BE92327004D2462 /* Project object */;
}
